// !$*UTF8*$!
{
	archiveVersion = 1;
	classes = {
	};
	objectVersion = 50;
	objects = {

/* Begin PBXBuildFile section */
		FA63F1CD2383FB500082459F /* CountryScene.swift in Sources */ = {isa = PBXBuildFile; fileRef = FA63F1CC2383FB500082459F /* CountryScene.swift */; };
		FA63F1D02383FB830082459F /* FeiertageScene.swift in Sources */ = {isa = PBXBuildFile; fileRef = FA63F1CF2383FB830082459F /* FeiertageScene.swift */; };
		FA63F1D22383FDA40082459F /* Holidays.swift in Sources */ = {isa = PBXBuildFile; fileRef = FA63F1D12383FDA40082459F /* Holidays.swift */; };
		FA63F1D423840A9B0082459F /* HolidayRequest.swift in Sources */ = {isa = PBXBuildFile; fileRef = FA63F1D323840A9B0082459F /* HolidayRequest.swift */; };
		FA6B24B82383F54300B821F4 /* AppDelegate.swift in Sources */ = {isa = PBXBuildFile; fileRef = FA6B24B72383F54300B821F4 /* AppDelegate.swift */; };
		FA6B24BA2383F54300B821F4 /* SceneDelegate.swift in Sources */ = {isa = PBXBuildFile; fileRef = FA6B24B92383F54300B821F4 /* SceneDelegate.swift */; };
		FA6B24BC2383F54300B821F4 /* ViewController.swift in Sources */ = {isa = PBXBuildFile; fileRef = FA6B24BB2383F54300B821F4 /* ViewController.swift */; };
		FA6B24BF2383F54300B821F4 /* Main.storyboard in Resources */ = {isa = PBXBuildFile; fileRef = FA6B24BD2383F54300B821F4 /* Main.storyboard */; };
		FA6B24C12383F54400B821F4 /* Assets.xcassets in Resources */ = {isa = PBXBuildFile; fileRef = FA6B24C02383F54400B821F4 /* Assets.xcassets */; };
		FA6B24C42383F54400B821F4 /* LaunchScreen.storyboard in Resources */ = {isa = PBXBuildFile; fileRef = FA6B24C22383F54400B821F4 /* LaunchScreen.storyboard */; };
		FA8991792384153800B72530 /* HolidayDataSource.swift in Sources */ = {isa = PBXBuildFile; fileRef = FA8991782384153800B72530 /* HolidayDataSource.swift */; };
/* End PBXBuildFile section */

/* Begin PBXFileReference section */
		FA63F1CC2383FB500082459F /* CountryScene.swift */ = {isa = PBXFileReference; lastKnownFileType = sourcecode.swift; path = CountryScene.swift; sourceTree = "<group>"; };
		FA63F1CF2383FB830082459F /* FeiertageScene.swift */ = {isa = PBXFileReference; lastKnownFileType = sourcecode.swift; path = FeiertageScene.swift; sourceTree = "<group>"; };
		FA63F1D12383FDA40082459F /* Holidays.swift */ = {isa = PBXFileReference; lastKnownFileType = sourcecode.swift; path = Holidays.swift; sourceTree = "<group>"; };
		FA63F1D323840A9B0082459F /* HolidayRequest.swift */ = {isa = PBXFileReference; lastKnownFileType = sourcecode.swift; path = HolidayRequest.swift; sourceTree = "<group>"; };
		FA6B24B42383F54300B821F4 /* ShowcaseSiri.app */ = {isa = PBXFileReference; explicitFileType = wrapper.application; includeInIndex = 0; path = ShowcaseSiri.app; sourceTree = BUILT_PRODUCTS_DIR; };
		FA6B24B72383F54300B821F4 /* AppDelegate.swift */ = {isa = PBXFileReference; lastKnownFileType = sourcecode.swift; path = AppDelegate.swift; sourceTree = "<group>"; };
		FA6B24B92383F54300B821F4 /* SceneDelegate.swift */ = {isa = PBXFileReference; lastKnownFileType = sourcecode.swift; path = SceneDelegate.swift; sourceTree = "<group>"; };
		FA6B24BB2383F54300B821F4 /* ViewController.swift */ = {isa = PBXFileReference; lastKnownFileType = sourcecode.swift; path = ViewController.swift; sourceTree = "<group>"; };
		FA6B24BE2383F54300B821F4 /* Base */ = {isa = PBXFileReference; lastKnownFileType = file.storyboard; name = Base; path = Base.lproj/Main.storyboard; sourceTree = "<group>"; };
		FA6B24C02383F54400B821F4 /* Assets.xcassets */ = {isa = PBXFileReference; lastKnownFileType = folder.assetcatalog; path = Assets.xcassets; sourceTree = "<group>"; };
		FA6B24C32383F54400B821F4 /* Base */ = {isa = PBXFileReference; lastKnownFileType = file.storyboard; name = Base; path = Base.lproj/LaunchScreen.storyboard; sourceTree = "<group>"; };
		FA6B24C52383F54400B821F4 /* Info.plist */ = {isa = PBXFileReference; lastKnownFileType = text.plist.xml; path = Info.plist; sourceTree = "<group>"; };
		FA8991782384153800B72530 /* HolidayDataSource.swift */ = {isa = PBXFileReference; lastKnownFileType = sourcecode.swift; path = HolidayDataSource.swift; sourceTree = "<group>"; };
/* End PBXFileReference section */

/* Begin PBXFrameworksBuildPhase section */
		FA6B24B12383F54300B821F4 /* Frameworks */ = {
			isa = PBXFrameworksBuildPhase;
			buildActionMask = 2147483647;
			files = (
			);
			runOnlyForDeploymentPostprocessing = 0;
		};
/* End PBXFrameworksBuildPhase section */

/* Begin PBXGroup section */
		FA63F1CE2383FB660082459F /* Supporting Files */ = {
			isa = PBXGroup;
			children = (
				FA6B24B72383F54300B821F4 /* AppDelegate.swift */,
				FA6B24B92383F54300B821F4 /* SceneDelegate.swift */,
				FA6B24C02383F54400B821F4 /* Assets.xcassets */,
				FA6B24C22383F54400B821F4 /* LaunchScreen.storyboard */,
			);
			path = "Supporting Files";
			sourceTree = "<group>";
		};
		FA63F1D523840BF60082459F /* Controller */ = {
			isa = PBXGroup;
			children = (
				FA63F1CF2383FB830082459F /* FeiertageScene.swift */,
				FA6B24BB2383F54300B821F4 /* ViewController.swift */,
				FA63F1CC2383FB500082459F /* CountryScene.swift */,
			);
			path = Controller;
			sourceTree = "<group>";
		};
		FA63F1D623840C1A0082459F /* Model */ = {
			isa = PBXGroup;
			children = (
				FA63F1D12383FDA40082459F /* Holidays.swift */,
				FA63F1D323840A9B0082459F /* HolidayRequest.swift */,
				FA8991782384153800B72530 /* HolidayDataSource.swift */,
			);
			path = Model;
			sourceTree = "<group>";
		};
		FA6B24AB2383F54300B821F4 = {
			isa = PBXGroup;
			children = (
				FA6B24B62383F54300B821F4 /* ShowcaseSiri */,
				FA6B24B52383F54300B821F4 /* Products */,
			);
			sourceTree = "<group>";
		};
		FA6B24B52383F54300B821F4 /* Products */ = {
			isa = PBXGroup;
			children = (
				FA6B24B42383F54300B821F4 /* ShowcaseSiri.app */,
			);
			name = Products;
			sourceTree = "<group>";
		};
		FA6B24B62383F54300B821F4 /* ShowcaseSiri */ = {
			isa = PBXGroup;
			children = (
				FA63F1CE2383FB660082459F /* Supporting Files */,
				FA6B24BD2383F54300B821F4 /* Main.storyboard */,
				FA63F1D523840BF60082459F /* Controller */,
				FA63F1D623840C1A0082459F /* Model */,
				FA6B24C52383F54400B821F4 /* Info.plist */,
			);
			path = ShowcaseSiri;
			sourceTree = "<group>";
		};
/* End PBXGroup section */

/* Begin PBXNativeTarget section */
		FA6B24B32383F54300B821F4 /* ShowcaseSiri */ = {
			isa = PBXNativeTarget;
			buildConfigurationList = FA6B24C82383F54400B821F4 /* Build configuration list for PBXNativeTarget "ShowcaseSiri" */;
			buildPhases = (
				FA6B24B02383F54300B821F4 /* Sources */,
				FA6B24B12383F54300B821F4 /* Frameworks */,
				FA6B24B22383F54300B821F4 /* Resources */,
			);
			buildRules = (
			);
			dependencies = (
			);
			name = ShowcaseSiri;
			productName = ShowcaseSiri;
			productReference = FA6B24B42383F54300B821F4 /* ShowcaseSiri.app */;
			productType = "com.apple.product-type.application";
		};
/* End PBXNativeTarget section */

/* Begin PBXProject section */
		FA6B24AC2383F54300B821F4 /* Project object */ = {
			isa = PBXProject;
			attributes = {
				LastSwiftUpdateCheck = 1120;
				LastUpgradeCheck = 1120;
				ORGANIZATIONNAME = "Arslan, Tolunay";
				TargetAttributes = {
					FA6B24B32383F54300B821F4 = {
						CreatedOnToolsVersion = 11.2.1;
					};
				};
			};
			buildConfigurationList = FA6B24AF2383F54300B821F4 /* Build configuration list for PBXProject "ShowcaseSiri" */;
			compatibilityVersion = "Xcode 9.3";
			developmentRegion = en;
			hasScannedForEncodings = 0;
			knownRegions = (
				en,
				Base,
			);
			mainGroup = FA6B24AB2383F54300B821F4;
			productRefGroup = FA6B24B52383F54300B821F4 /* Products */;
			projectDirPath = "";
			projectRoot = "";
			targets = (
				FA6B24B32383F54300B821F4 /* ShowcaseSiri */,
			);
		};
/* End PBXProject section */

/* Begin PBXResourcesBuildPhase section */
		FA6B24B22383F54300B821F4 /* Resources */ = {
			isa = PBXResourcesBuildPhase;
			buildActionMask = 2147483647;
			files = (
				FA6B24C42383F54400B821F4 /* LaunchScreen.storyboard in Resources */,
				FA6B24C12383F54400B821F4 /* Assets.xcassets in Resources */,
				FA6B24BF2383F54300B821F4 /* Main.storyboard in Resources */,
			);
			runOnlyForDeploymentPostprocessing = 0;
		};
/* End PBXResourcesBuildPhase section */

/* Begin PBXSourcesBuildPhase section */
		FA6B24B02383F54300B821F4 /* Sources */ = {
			isa = PBXSourcesBuildPhase;
			buildActionMask = 2147483647;
			files = (
				FA63F1D423840A9B0082459F /* HolidayRequest.swift in Sources */,
				FA8991792384153800B72530 /* HolidayDataSource.swift in Sources */,
				FA6B24BC2383F54300B821F4 /* ViewController.swift in Sources */,
				FA63F1D02383FB830082459F /* FeiertageScene.swift in Sources */,
				FA6B24B82383F54300B821F4 /* AppDelegate.swift in Sources */,
				FA6B24BA2383F54300B821F4 /* SceneDelegate.swift in Sources */,
				FA63F1D22383FDA40082459F /* Holidays.swift in Sources */,
				FA63F1CD2383FB500082459F /* CountryScene.swift in Sources */,
			);
			runOnlyForDeploymentPostprocessing = 0;
		};
/* End PBXSourcesBuildPhase section */

/* Begin PBXVariantGroup section */
		FA6B24BD2383F54300B821F4 /* Main.storyboard */ = {
			isa = PBXVariantGroup;
			children = (
				FA6B24BE2383F54300B821F4 /* Base */,
			);
			name = Main.storyboard;
			sourceTree = "<group>";
		};
		FA6B24C22383F54400B821F4 /* LaunchScreen.storyboard */ = {
			isa = PBXVariantGroup;
			children = (
				FA6B24C32383F54400B821F4 /* Base */,
			);
			name = LaunchScreen.storyboard;
			sourceTree = "<group>";
		};
/* End PBXVariantGroup section */

/* Begin XCBuildConfiguration section */
		FA6B24C62383F54400B821F4 /* Debug */ = {
			isa = XCBuildConfiguration;
			buildSettings = {
				ALWAYS_SEARCH_USER_PATHS = NO;
				CLANG_ANALYZER_NONNULL = YES;
				CLANG_ANALYZER_NUMBER_OBJECT_CONVERSION = YES_AGGRESSIVE;
				CLANG_CXX_LANGUAGE_STANDARD = "gnu++14";
				CLANG_CXX_LIBRARY = "libc++";
				CLANG_ENABLE_MODULES = YES;
				CLANG_ENABLE_OBJC_ARC = YES;
				CLANG_ENABLE_OBJC_WEAK = YES;
				CLANG_WARN_BLOCK_CAPTURE_AUTORELEASING = YES;
				CLANG_WARN_BOOL_CONVERSION = YES;
				CLANG_WARN_COMMA = YES;
				CLANG_WARN_CONSTANT_CONVERSION = YES;
				CLANG_WARN_DEPRECATED_OBJC_IMPLEMENTATIONS = YES;
				CLANG_WARN_DIRECT_OBJC_ISA_USAGE = YES_ERROR;
				CLANG_WARN_DOCUMENTATION_COMMENTS = YES;
				CLANG_WARN_EMPTY_BODY = YES;
				CLANG_WARN_ENUM_CONVERSION = YES;
				CLANG_WARN_INFINITE_RECURSION = YES;
				CLANG_WARN_INT_CONVERSION = YES;
				CLANG_WARN_NON_LITERAL_NULL_CONVERSION = YES;
				CLANG_WARN_OBJC_IMPLICIT_RETAIN_SELF = YES;
				CLANG_WARN_OBJC_LITERAL_CONVERSION = YES;
				CLANG_WARN_OBJC_ROOT_CLASS = YES_ERROR;
				CLANG_WARN_RANGE_LOOP_ANALYSIS = YES;
				CLANG_WARN_STRICT_PROTOTYPES = YES;
				CLANG_WARN_SUSPICIOUS_MOVE = YES;
				CLANG_WARN_UNGUARDED_AVAILABILITY = YES_AGGRESSIVE;
				CLANG_WARN_UNREACHABLE_CODE = YES;
				CLANG_WARN__DUPLICATE_METHOD_MATCH = YES;
				COPY_PHASE_STRIP = NO;
				DEBUG_INFORMATION_FORMAT = dwarf;
				ENABLE_STRICT_OBJC_MSGSEND = YES;
				ENABLE_TESTABILITY = YES;
				GCC_C_LANGUAGE_STANDARD = gnu11;
				GCC_DYNAMIC_NO_PIC = NO;
				GCC_NO_COMMON_BLOCKS = YES;
				GCC_OPTIMIZATION_LEVEL = 0;
				GCC_PREPROCESSOR_DEFINITIONS = (
					"DEBUG=1",
					"$(inherited)",
				);
				GCC_WARN_64_TO_32_BIT_CONVERSION = YES;
				GCC_WARN_ABOUT_RETURN_TYPE = YES_ERROR;
				GCC_WARN_UNDECLARED_SELECTOR = YES;
				GCC_WARN_UNINITIALIZED_AUTOS = YES_AGGRESSIVE;
				GCC_WARN_UNUSED_FUNCTION = YES;
				GCC_WARN_UNUSED_VARIABLE = YES;
				IPHONEOS_DEPLOYMENT_TARGET = 13.2;
				MTL_ENABLE_DEBUG_INFO = INCLUDE_SOURCE;
				MTL_FAST_MATH = YES;
				ONLY_ACTIVE_ARCH = YES;
				SDKROOT = iphoneos;
				SWIFT_ACTIVE_COMPILATION_CONDITIONS = DEBUG;
				SWIFT_OPTIMIZATION_LEVEL = "-Onone";
			};
			name = Debug;
		};
		FA6B24C72383F54400B821F4 /* Release */ = {
			isa = XCBuildConfiguration;
			buildSettings = {
				ALWAYS_SEARCH_USER_PATHS = NO;
				CLANG_ANALYZER_NONNULL = YES;
				CLANG_ANALYZER_NUMBER_OBJECT_CONVERSION = YES_AGGRESSIVE;
				CLANG_CXX_LANGUAGE_STANDARD = "gnu++14";
				CLANG_CXX_LIBRARY = "libc++";
				CLANG_ENABLE_MODULES = YES;
				CLANG_ENABLE_OBJC_ARC = YES;
				CLANG_ENABLE_OBJC_WEAK = YES;
				CLANG_WARN_BLOCK_CAPTURE_AUTORELEASING = YES;
				CLANG_WARN_BOOL_CONVERSION = YES;
				CLANG_WARN_COMMA = YES;
				CLANG_WARN_CONSTANT_CONVERSION = YES;
				CLANG_WARN_DEPRECATED_OBJC_IMPLEMENTATIONS = YES;
				CLANG_WARN_DIRECT_OBJC_ISA_USAGE = YES_ERROR;
				CLANG_WARN_DOCUMENTATION_COMMENTS = YES;
				CLANG_WARN_EMPTY_BODY = YES;
				CLANG_WARN_ENUM_CONVERSION = YES;
				CLANG_WARN_INFINITE_RECURSION = YES;
				CLANG_WARN_INT_CONVERSION = YES;
				CLANG_WARN_NON_LITERAL_NULL_CONVERSION = YES;
				CLANG_WARN_OBJC_IMPLICIT_RETAIN_SELF = YES;
				CLANG_WARN_OBJC_LITERAL_CONVERSION = YES;
				CLANG_WARN_OBJC_ROOT_CLASS = YES_ERROR;
				CLANG_WARN_RANGE_LOOP_ANALYSIS = YES;
				CLANG_WARN_STRICT_PROTOTYPES = YES;
				CLANG_WARN_SUSPICIOUS_MOVE = YES;
				CLANG_WARN_UNGUARDED_AVAILABILITY = YES_AGGRESSIVE;
				CLANG_WARN_UNREACHABLE_CODE = YES;
				CLANG_WARN__DUPLICATE_METHOD_MATCH = YES;
				COPY_PHASE_STRIP = NO;
				DEBUG_INFORMATION_FORMAT = "dwarf-with-dsym";
				ENABLE_NS_ASSERTIONS = NO;
				ENABLE_STRICT_OBJC_MSGSEND = YES;
				GCC_C_LANGUAGE_STANDARD = gnu11;
				GCC_NO_COMMON_BLOCKS = YES;
				GCC_WARN_64_TO_32_BIT_CONVERSION = YES;
				GCC_WARN_ABOUT_RETURN_TYPE = YES_ERROR;
				GCC_WARN_UNDECLARED_SELECTOR = YES;
				GCC_WARN_UNINITIALIZED_AUTOS = YES_AGGRESSIVE;
				GCC_WARN_UNUSED_FUNCTION = YES;
				GCC_WARN_UNUSED_VARIABLE = YES;
				IPHONEOS_DEPLOYMENT_TARGET = 13.2;
				MTL_ENABLE_DEBUG_INFO = NO;
				MTL_FAST_MATH = YES;
				SDKROOT = iphoneos;
				SWIFT_COMPILATION_MODE = wholemodule;
				SWIFT_OPTIMIZATION_LEVEL = "-O";
				VALIDATE_PRODUCT = YES;
			};
			name = Release;
		};
		FA6B24C92383F54400B821F4 /* Debug */ = {
			isa = XCBuildConfiguration;
			buildSettings = {
				ASSETCATALOG_COMPILER_APPICON_NAME = AppIcon;
				CODE_SIGN_STYLE = Automatic;
				DEVELOPMENT_TEAM = ZK2MG3TWVQ;
				INFOPLIST_FILE = ShowcaseSiri/Info.plist;
				LD_RUNPATH_SEARCH_PATHS = (
					"$(inherited)",
					"@executable_path/Frameworks",
				);
				PRODUCT_BUNDLE_IDENTIFIER = learning.ShowcaseSiri;
				PRODUCT_NAME = "$(TARGET_NAME)";
				SWIFT_VERSION = 5.0;
				TARGETED_DEVICE_FAMILY = "1,2";
			};
			name = Debug;
		};
		FA6B24CA2383F54400B821F4 /* Release */ = {
			isa = XCBuildConfiguration;
			buildSettings = {
				ASSETCATALOG_COMPILER_APPICON_NAME = AppIcon;
				CODE_SIGN_STYLE = Automatic;
				DEVELOPMENT_TEAM = ZK2MG3TWVQ;
				INFOPLIST_FILE = ShowcaseSiri/Info.plist;
				LD_RUNPATH_SEARCH_PATHS = (
					"$(inherited)",
					"@executable_path/Frameworks",
				);
				PRODUCT_BUNDLE_IDENTIFIER = learning.ShowcaseSiri;
				PRODUCT_NAME = "$(TARGET_NAME)";
				SWIFT_VERSION = 5.0;
				TARGETED_DEVICE_FAMILY = "1,2";
			};
			name = Release;
		};
/* End XCBuildConfiguration section */

/* Begin XCConfigurationList section */
		FA6B24AF2383F54300B821F4 /* Build configuration list for PBXProject "ShowcaseSiri" */ = {
			isa = XCConfigurationList;
			buildConfigurations = (
				FA6B24C62383F54400B821F4 /* Debug */,
				FA6B24C72383F54400B821F4 /* Release */,
			);
			defaultConfigurationIsVisible = 0;
			defaultConfigurationName = Release;
		};
		FA6B24C82383F54400B821F4 /* Build configuration list for PBXNativeTarget "ShowcaseSiri" */ = {
			isa = XCConfigurationList;
			buildConfigurations = (
				FA6B24C92383F54400B821F4 /* Debug */,
				FA6B24CA2383F54400B821F4 /* Release */,
			);
			defaultConfigurationIsVisible = 0;
			defaultConfigurationName = Release;
		};
/* End XCConfigurationList section */
	};
	rootObject = FA6B24AC2383F54300B821F4 /* Project object */;
}
